
Microsoft Visual Studio Solution File, Format Version 12.00
# Visual Studio Version 16
VisualStudioVersion = 16.0.31410.357
MinimumVisualStudioVersion = 10.0.40219.1
Project("{FAE04EC0-301F-11D3-BF4B-00C04F79EFBC}") = "LrndefLib", "src\LrndefLib\LrndefLib.csproj", "{4819AA7E-8BE3-4CEE-BE7D-03667F08C425}"
EndProject
Global
	GlobalSection(SolutionConfigurationPlatforms) = preSolution
		Debug|Any CPU = Debug|Any CPU
		Release|Any CPU = Release|Any CPU
	EndGlobalSection
	GlobalSection(ProjectConfigurationPlatforms) = postSolution
		{4819AA7E-8BE3-4CEE-BE7D-03667F08C425}.Debug|Any CPU.ActiveCfg = Debug|Any CPU
		{4819AA7E-8BE3-4CEE-BE7D-03667F08C425}.Debug|Any CPU.Build.0 = Debug|Any CPU
		{4819AA7E-8BE3-4CEE-BE7D-03667F08C425}.Release|Any CPU.ActiveCfg = Release|Any CPU
		{4819AA7E-8BE3-4CEE-BE7D-03667F08C425}.Release|Any CPU.Build.0 = Release|Any CPU
	EndGlobalSection
	GlobalSection(SolutionProperties) = preSolution
		HideSolutionNode = FALSE
	EndGlobalSection
	GlobalSection(ExtensibilityGlobals) = postSolution
		SolutionGuid = {EF3939EA-5E23-4C76-A51D-B489CEF15958}
	EndGlobalSection
EndGlobal
